
Microsoft Visual Studio Solution File, Format Version 12.00
# Visual Studio Version 17
VisualStudioVersion = 17.3.32929.385
MinimumVisualStudioVersion = 10.0.40219.1
Project("{FAE04EC0-301F-11D3-BF4B-00C04F79EFBC}") = "Esercizio Logs Generics", "Esercizio Logs Generics.csproj", "{5BAABA5B-9572-4960-B936-C15DFC857D27}"
EndProject
Global
	GlobalSection(SolutionConfigurationPlatforms) = preSolution
		Debug|Any CPU = Debug|Any CPU
		Release|Any CPU = Release|Any CPU
	EndGlobalSection
	GlobalSection(ProjectConfigurationPlatforms) = postSolution
		{5BAABA5B-9572-4960-B936-C15DFC857D27}.Debug|Any CPU.ActiveCfg = Debug|Any CPU
		{5BAABA5B-9572-4960-B936-C15DFC857D27}.Debug|Any CPU.Build.0 = Debug|Any CPU
		{5BAABA5B-9572-4960-B936-C15DFC857D27}.Release|Any CPU.ActiveCfg = Release|Any CPU
		{5BAABA5B-9572-4960-B936-C15DFC857D27}.Release|Any CPU.Build.0 = Release|Any CPU
	EndGlobalSection
	GlobalSection(SolutionProperties) = preSolution
		HideSolutionNode = FALSE
	EndGlobalSection
	GlobalSection(ExtensibilityGlobals) = postSolution
		SolutionGuid = {A1240265-5544-4A46-A87F-B6116F681CEB}
	EndGlobalSection
EndGlobal
