
Microsoft Visual Studio Solution File, Format Version 12.00
# Visual Studio Version 17
VisualStudioVersion = 17.3.32929.385
MinimumVisualStudioVersion = 10.0.40219.1
Project("{FAE04EC0-301F-11D3-BF4B-00C04F79EFBC}") = "Esercizio FileSystem", "Esercizio FileSystem.csproj", "{1A60577F-0CFD-4120-8E91-0503CDC1C6EC}"
EndProject
Global
	GlobalSection(SolutionConfigurationPlatforms) = preSolution
		Debug|Any CPU = Debug|Any CPU
		Release|Any CPU = Release|Any CPU
	EndGlobalSection
	GlobalSection(ProjectConfigurationPlatforms) = postSolution
		{1A60577F-0CFD-4120-8E91-0503CDC1C6EC}.Debug|Any CPU.ActiveCfg = Debug|Any CPU
		{1A60577F-0CFD-4120-8E91-0503CDC1C6EC}.Debug|Any CPU.Build.0 = Debug|Any CPU
		{1A60577F-0CFD-4120-8E91-0503CDC1C6EC}.Release|Any CPU.ActiveCfg = Release|Any CPU
		{1A60577F-0CFD-4120-8E91-0503CDC1C6EC}.Release|Any CPU.Build.0 = Release|Any CPU
	EndGlobalSection
	GlobalSection(SolutionProperties) = preSolution
		HideSolutionNode = FALSE
	EndGlobalSection
	GlobalSection(ExtensibilityGlobals) = postSolution
		SolutionGuid = {B4D9D795-2BB8-465F-9C28-893B40469001}
	EndGlobalSection
EndGlobal
