
Microsoft Visual Studio Solution File, Format Version 12.00
# Visual Studio Version 17
VisualStudioVersion = 17.3.32929.385
MinimumVisualStudioVersion = 10.0.40219.1
Project("{FAE04EC0-301F-11D3-BF4B-00C04F79EFBC}") = "AnagraficaExercise", "AnagraficaExercise.csproj", "{349CEDA6-99D6-44EB-93C7-EAC7040C8E99}"
EndProject
Global
	GlobalSection(SolutionConfigurationPlatforms) = preSolution
		Debug|Any CPU = Debug|Any CPU
		Release|Any CPU = Release|Any CPU
	EndGlobalSection
	GlobalSection(ProjectConfigurationPlatforms) = postSolution
		{349CEDA6-99D6-44EB-93C7-EAC7040C8E99}.Debug|Any CPU.ActiveCfg = Debug|Any CPU
		{349CEDA6-99D6-44EB-93C7-EAC7040C8E99}.Debug|Any CPU.Build.0 = Debug|Any CPU
		{349CEDA6-99D6-44EB-93C7-EAC7040C8E99}.Release|Any CPU.ActiveCfg = Release|Any CPU
		{349CEDA6-99D6-44EB-93C7-EAC7040C8E99}.Release|Any CPU.Build.0 = Release|Any CPU
	EndGlobalSection
	GlobalSection(SolutionProperties) = preSolution
		HideSolutionNode = FALSE
	EndGlobalSection
	GlobalSection(ExtensibilityGlobals) = postSolution
		SolutionGuid = {DD49B5B5-003B-490B-8C0D-0379FA1828A9}
	EndGlobalSection
EndGlobal
